
Microsoft Visual Studio Solution File, Format Version 12.00
# Visual Studio 15
VisualStudioVersion = 15.0.26124.0
MinimumVisualStudioVersion = 15.0.26124.0
Project("{2150E333-8FDC-42A3-9474-1A3956D46DE8}") = "src", "src", "{9DCC3EB0-3539-47D6-84FF-2622285CD17D}"
EndProject
Project("{2150E333-8FDC-42A3-9474-1A3956D46DE8}") = "SolutionItems", "SolutionItems", "{5E8BC83E-4070-4A47-86AE-4B3A947E6BCB}"
	ProjectSection(SolutionItems) = preProject
		README.md = README.md
	EndProjectSection
EndProject
Project("{F2A71F9B-5D33-465A-A702-920D77279786}") = "FSharp.Language.Features", "src\FSharp.Language.Features\FSharp.Language.Features.fsproj", "{8E53A4AB-E9C9-4632-9F1F-7782A897CFA0}"
EndProject
Project("{F2A71F9B-5D33-465A-A702-920D77279786}") = "FSharp.TestSamples", "src\FSharp.TestSamples\FSharp.TestSamples.fsproj", "{A756DE09-4116-40D1-AC23-618D19AB00E6}"
EndProject
Project("{2150E333-8FDC-42A3-9474-1A3956D46DE8}") = "lib", "lib", "{49FF8DD1-4023-4086-B184-56EEF0E7B54C}"
EndProject
Project("{FAE04EC0-301F-11D3-BF4B-00C04F79EFBC}") = "CSharp.Dependencies", "lib\CSharp.Dependencies\CSharp.Dependencies.csproj", "{F692FF27-3D73-46F5-8FB5-13CD4A42100A}"
EndProject
Global
	GlobalSection(SolutionConfigurationPlatforms) = preSolution
		Debug|Any CPU = Debug|Any CPU
		Debug|x64 = Debug|x64
		Debug|x86 = Debug|x86
		Release|Any CPU = Release|Any CPU
		Release|x64 = Release|x64
		Release|x86 = Release|x86
	EndGlobalSection
	GlobalSection(SolutionProperties) = preSolution
		HideSolutionNode = FALSE
	EndGlobalSection
	GlobalSection(ProjectConfigurationPlatforms) = postSolution
		{8E53A4AB-E9C9-4632-9F1F-7782A897CFA0}.Debug|Any CPU.ActiveCfg = Debug|Any CPU
		{8E53A4AB-E9C9-4632-9F1F-7782A897CFA0}.Debug|Any CPU.Build.0 = Debug|Any CPU
		{8E53A4AB-E9C9-4632-9F1F-7782A897CFA0}.Debug|x64.ActiveCfg = Debug|Any CPU
		{8E53A4AB-E9C9-4632-9F1F-7782A897CFA0}.Debug|x64.Build.0 = Debug|Any CPU
		{8E53A4AB-E9C9-4632-9F1F-7782A897CFA0}.Debug|x86.ActiveCfg = Debug|Any CPU
		{8E53A4AB-E9C9-4632-9F1F-7782A897CFA0}.Debug|x86.Build.0 = Debug|Any CPU
		{8E53A4AB-E9C9-4632-9F1F-7782A897CFA0}.Release|Any CPU.ActiveCfg = Release|Any CPU
		{8E53A4AB-E9C9-4632-9F1F-7782A897CFA0}.Release|Any CPU.Build.0 = Release|Any CPU
		{8E53A4AB-E9C9-4632-9F1F-7782A897CFA0}.Release|x64.ActiveCfg = Release|Any CPU
		{8E53A4AB-E9C9-4632-9F1F-7782A897CFA0}.Release|x64.Build.0 = Release|Any CPU
		{8E53A4AB-E9C9-4632-9F1F-7782A897CFA0}.Release|x86.ActiveCfg = Release|Any CPU
		{8E53A4AB-E9C9-4632-9F1F-7782A897CFA0}.Release|x86.Build.0 = Release|Any CPU
		{A756DE09-4116-40D1-AC23-618D19AB00E6}.Debug|Any CPU.ActiveCfg = Debug|Any CPU
		{A756DE09-4116-40D1-AC23-618D19AB00E6}.Debug|Any CPU.Build.0 = Debug|Any CPU
		{A756DE09-4116-40D1-AC23-618D19AB00E6}.Debug|x64.ActiveCfg = Debug|Any CPU
		{A756DE09-4116-40D1-AC23-618D19AB00E6}.Debug|x64.Build.0 = Debug|Any CPU
		{A756DE09-4116-40D1-AC23-618D19AB00E6}.Debug|x86.ActiveCfg = Debug|Any CPU
		{A756DE09-4116-40D1-AC23-618D19AB00E6}.Debug|x86.Build.0 = Debug|Any CPU
		{A756DE09-4116-40D1-AC23-618D19AB00E6}.Release|Any CPU.ActiveCfg = Release|Any CPU
		{A756DE09-4116-40D1-AC23-618D19AB00E6}.Release|Any CPU.Build.0 = Release|Any CPU
		{A756DE09-4116-40D1-AC23-618D19AB00E6}.Release|x64.ActiveCfg = Release|Any CPU
		{A756DE09-4116-40D1-AC23-618D19AB00E6}.Release|x64.Build.0 = Release|Any CPU
		{A756DE09-4116-40D1-AC23-618D19AB00E6}.Release|x86.ActiveCfg = Release|Any CPU
		{A756DE09-4116-40D1-AC23-618D19AB00E6}.Release|x86.Build.0 = Release|Any CPU
		{F692FF27-3D73-46F5-8FB5-13CD4A42100A}.Debug|Any CPU.ActiveCfg = Debug|Any CPU
		{F692FF27-3D73-46F5-8FB5-13CD4A42100A}.Debug|Any CPU.Build.0 = Debug|Any CPU
		{F692FF27-3D73-46F5-8FB5-13CD4A42100A}.Debug|x64.ActiveCfg = Debug|Any CPU
		{F692FF27-3D73-46F5-8FB5-13CD4A42100A}.Debug|x64.Build.0 = Debug|Any CPU
		{F692FF27-3D73-46F5-8FB5-13CD4A42100A}.Debug|x86.ActiveCfg = Debug|Any CPU
		{F692FF27-3D73-46F5-8FB5-13CD4A42100A}.Debug|x86.Build.0 = Debug|Any CPU
		{F692FF27-3D73-46F5-8FB5-13CD4A42100A}.Release|Any CPU.ActiveCfg = Release|Any CPU
		{F692FF27-3D73-46F5-8FB5-13CD4A42100A}.Release|Any CPU.Build.0 = Release|Any CPU
		{F692FF27-3D73-46F5-8FB5-13CD4A42100A}.Release|x64.ActiveCfg = Release|Any CPU
		{F692FF27-3D73-46F5-8FB5-13CD4A42100A}.Release|x64.Build.0 = Release|Any CPU
		{F692FF27-3D73-46F5-8FB5-13CD4A42100A}.Release|x86.ActiveCfg = Release|Any CPU
		{F692FF27-3D73-46F5-8FB5-13CD4A42100A}.Release|x86.Build.0 = Release|Any CPU
	EndGlobalSection
	GlobalSection(NestedProjects) = preSolution
		{8E53A4AB-E9C9-4632-9F1F-7782A897CFA0} = {9DCC3EB0-3539-47D6-84FF-2622285CD17D}
		{A756DE09-4116-40D1-AC23-618D19AB00E6} = {9DCC3EB0-3539-47D6-84FF-2622285CD17D}
		{F692FF27-3D73-46F5-8FB5-13CD4A42100A} = {49FF8DD1-4023-4086-B184-56EEF0E7B54C}
	EndGlobalSection
EndGlobal
